
Microsoft Visual Studio Solution File, Format Version 12.00
Project("{2150E333-8FDC-42A3-9474-1A3956D46DE8}") = "Backend", "Backend", "{5744EF4B-E2AD-4191-A080-55921A9503D4}"
EndProject
Project("{FAE04EC0-301F-11D3-BF4B-00C04F79EFBC}") = "Shared", "Backend\Shared\Shared.csproj", "{0AEDFA71-9C3D-4028-8C48-AA12E549C0D6}"
EndProject
Project("{2150E333-8FDC-42A3-9474-1A3956D46DE8}") = "CommandSide", "CommandSide", "{F28CFCD7-6834-4035-87A2-E0A5F36D6B17}"
EndProject
Project("{FAE04EC0-301F-11D3-BF4B-00C04F79EFBC}") = "WebApplication", "Backend\CommandSide\WebApplication\WebApplication.csproj", "{1E30A60E-603E-40BA-B0B9-10E107DC8614}"
EndProject
Project("{2150E333-8FDC-42A3-9474-1A3956D46DE8}") = "QuerySide", "QuerySide", "{60FBDDD9-EB77-4F3A-83C9-D7B2990B6836}"
EndProject
Project("{FAE04EC0-301F-11D3-BF4B-00C04F79EFBC}") = "WebSocketNotifier", "Backend\QuerySide\WebSocketNotifier\WebSocketNotifier.csproj", "{AAE46560-B8CB-47BE-B6A3-D4B0661448AE}"
EndProject
Project("{FAE04EC0-301F-11D3-BF4B-00C04F79EFBC}") = "ApplicationServices", "Backend\CommandSide\ApplicationServices\ApplicationServices.csproj", "{AD0540A3-DA8D-455E-B518-279F000C750F}"
EndProject
Project("{FAE04EC0-301F-11D3-BF4B-00C04F79EFBC}") = "Ports", "Backend\CommandSide\Ports\Ports.csproj", "{CD3592D3-AF5A-4397-A08E-F9449046917A}"
EndProject
Project("{FAE04EC0-301F-11D3-BF4B-00C04F79EFBC}") = "Domain", "Backend\CommandSide\Domain\Domain.csproj", "{ADCCC831-5EE6-4859-A5FC-A90408A2A5BD}"
EndProject
Project("{FAE04EC0-301F-11D3-BF4B-00C04F79EFBC}") = "EventStoreAdapter", "Backend\CommandSide\EventStoreAdapter\EventStoreAdapter.csproj", "{D584E107-A4A4-4138-AED2-1108B4AA673D}"
EndProject
Project("{FAE04EC0-301F-11D3-BF4B-00C04F79EFBC}") = "Ports", "Backend\QuerySide\Ports\Ports.csproj", "{E82CEFF6-2C50-4C96-934B-5DCA7F7A1F0C}"
EndProject
Project("{FAE04EC0-301F-11D3-BF4B-00C04F79EFBC}") = "ApplicationServices", "Backend\QuerySide\ApplicationServices\ApplicationServices.csproj", "{9BA8212A-7245-4E02-9893-66B364A22DE8}"
EndProject
Project("{FAE04EC0-301F-11D3-BF4B-00C04F79EFBC}") = "WebSocketAdapter", "Backend\QuerySide\WebSocketAdapter\WebSocketAdapter.csproj", "{7DE5D26A-4121-4E54-87AF-8EFCEF0CCA60}"
EndProject
Global
	GlobalSection(SolutionConfigurationPlatforms) = preSolution
		Debug|Any CPU = Debug|Any CPU
		Release|Any CPU = Release|Any CPU
	EndGlobalSection
	GlobalSection(ProjectConfigurationPlatforms) = postSolution
		{0AEDFA71-9C3D-4028-8C48-AA12E549C0D6}.Debug|Any CPU.ActiveCfg = Debug|Any CPU
		{0AEDFA71-9C3D-4028-8C48-AA12E549C0D6}.Debug|Any CPU.Build.0 = Debug|Any CPU
		{0AEDFA71-9C3D-4028-8C48-AA12E549C0D6}.Release|Any CPU.ActiveCfg = Release|Any CPU
		{0AEDFA71-9C3D-4028-8C48-AA12E549C0D6}.Release|Any CPU.Build.0 = Release|Any CPU
		{1E30A60E-603E-40BA-B0B9-10E107DC8614}.Debug|Any CPU.ActiveCfg = Debug|Any CPU
		{1E30A60E-603E-40BA-B0B9-10E107DC8614}.Debug|Any CPU.Build.0 = Debug|Any CPU
		{1E30A60E-603E-40BA-B0B9-10E107DC8614}.Release|Any CPU.ActiveCfg = Release|Any CPU
		{1E30A60E-603E-40BA-B0B9-10E107DC8614}.Release|Any CPU.Build.0 = Release|Any CPU
		{AAE46560-B8CB-47BE-B6A3-D4B0661448AE}.Debug|Any CPU.ActiveCfg = Debug|Any CPU
		{AAE46560-B8CB-47BE-B6A3-D4B0661448AE}.Debug|Any CPU.Build.0 = Debug|Any CPU
		{AAE46560-B8CB-47BE-B6A3-D4B0661448AE}.Release|Any CPU.ActiveCfg = Release|Any CPU
		{AAE46560-B8CB-47BE-B6A3-D4B0661448AE}.Release|Any CPU.Build.0 = Release|Any CPU
		{AD0540A3-DA8D-455E-B518-279F000C750F}.Debug|Any CPU.ActiveCfg = Debug|Any CPU
		{AD0540A3-DA8D-455E-B518-279F000C750F}.Debug|Any CPU.Build.0 = Debug|Any CPU
		{AD0540A3-DA8D-455E-B518-279F000C750F}.Release|Any CPU.ActiveCfg = Release|Any CPU
		{AD0540A3-DA8D-455E-B518-279F000C750F}.Release|Any CPU.Build.0 = Release|Any CPU
		{CD3592D3-AF5A-4397-A08E-F9449046917A}.Debug|Any CPU.ActiveCfg = Debug|Any CPU
		{CD3592D3-AF5A-4397-A08E-F9449046917A}.Debug|Any CPU.Build.0 = Debug|Any CPU
		{CD3592D3-AF5A-4397-A08E-F9449046917A}.Release|Any CPU.ActiveCfg = Release|Any CPU
		{CD3592D3-AF5A-4397-A08E-F9449046917A}.Release|Any CPU.Build.0 = Release|Any CPU
		{ADCCC831-5EE6-4859-A5FC-A90408A2A5BD}.Debug|Any CPU.ActiveCfg = Debug|Any CPU
		{ADCCC831-5EE6-4859-A5FC-A90408A2A5BD}.Debug|Any CPU.Build.0 = Debug|Any CPU
		{ADCCC831-5EE6-4859-A5FC-A90408A2A5BD}.Release|Any CPU.ActiveCfg = Release|Any CPU
		{ADCCC831-5EE6-4859-A5FC-A90408A2A5BD}.Release|Any CPU.Build.0 = Release|Any CPU
		{D584E107-A4A4-4138-AED2-1108B4AA673D}.Debug|Any CPU.ActiveCfg = Debug|Any CPU
		{D584E107-A4A4-4138-AED2-1108B4AA673D}.Debug|Any CPU.Build.0 = Debug|Any CPU
		{D584E107-A4A4-4138-AED2-1108B4AA673D}.Release|Any CPU.ActiveCfg = Release|Any CPU
		{D584E107-A4A4-4138-AED2-1108B4AA673D}.Release|Any CPU.Build.0 = Release|Any CPU
		{E82CEFF6-2C50-4C96-934B-5DCA7F7A1F0C}.Debug|Any CPU.ActiveCfg = Debug|Any CPU
		{E82CEFF6-2C50-4C96-934B-5DCA7F7A1F0C}.Debug|Any CPU.Build.0 = Debug|Any CPU
		{E82CEFF6-2C50-4C96-934B-5DCA7F7A1F0C}.Release|Any CPU.ActiveCfg = Release|Any CPU
		{E82CEFF6-2C50-4C96-934B-5DCA7F7A1F0C}.Release|Any CPU.Build.0 = Release|Any CPU
		{9BA8212A-7245-4E02-9893-66B364A22DE8}.Debug|Any CPU.ActiveCfg = Debug|Any CPU
		{9BA8212A-7245-4E02-9893-66B364A22DE8}.Debug|Any CPU.Build.0 = Debug|Any CPU
		{9BA8212A-7245-4E02-9893-66B364A22DE8}.Release|Any CPU.ActiveCfg = Release|Any CPU
		{9BA8212A-7245-4E02-9893-66B364A22DE8}.Release|Any CPU.Build.0 = Release|Any CPU
		{7DE5D26A-4121-4E54-87AF-8EFCEF0CCA60}.Debug|Any CPU.ActiveCfg = Debug|Any CPU
		{7DE5D26A-4121-4E54-87AF-8EFCEF0CCA60}.Debug|Any CPU.Build.0 = Debug|Any CPU
		{7DE5D26A-4121-4E54-87AF-8EFCEF0CCA60}.Release|Any CPU.ActiveCfg = Release|Any CPU
		{7DE5D26A-4121-4E54-87AF-8EFCEF0CCA60}.Release|Any CPU.Build.0 = Release|Any CPU
	EndGlobalSection
	GlobalSection(NestedProjects) = preSolution
		{0AEDFA71-9C3D-4028-8C48-AA12E549C0D6} = {5744EF4B-E2AD-4191-A080-55921A9503D4}
		{F28CFCD7-6834-4035-87A2-E0A5F36D6B17} = {5744EF4B-E2AD-4191-A080-55921A9503D4}
		{1E30A60E-603E-40BA-B0B9-10E107DC8614} = {F28CFCD7-6834-4035-87A2-E0A5F36D6B17}
		{60FBDDD9-EB77-4F3A-83C9-D7B2990B6836} = {5744EF4B-E2AD-4191-A080-55921A9503D4}
		{AAE46560-B8CB-47BE-B6A3-D4B0661448AE} = {60FBDDD9-EB77-4F3A-83C9-D7B2990B6836}
		{AD0540A3-DA8D-455E-B518-279F000C750F} = {F28CFCD7-6834-4035-87A2-E0A5F36D6B17}
		{CD3592D3-AF5A-4397-A08E-F9449046917A} = {F28CFCD7-6834-4035-87A2-E0A5F36D6B17}
		{ADCCC831-5EE6-4859-A5FC-A90408A2A5BD} = {F28CFCD7-6834-4035-87A2-E0A5F36D6B17}
		{D584E107-A4A4-4138-AED2-1108B4AA673D} = {F28CFCD7-6834-4035-87A2-E0A5F36D6B17}
		{E82CEFF6-2C50-4C96-934B-5DCA7F7A1F0C} = {60FBDDD9-EB77-4F3A-83C9-D7B2990B6836}
		{9BA8212A-7245-4E02-9893-66B364A22DE8} = {60FBDDD9-EB77-4F3A-83C9-D7B2990B6836}
		{7DE5D26A-4121-4E54-87AF-8EFCEF0CCA60} = {60FBDDD9-EB77-4F3A-83C9-D7B2990B6836}
	EndGlobalSection
EndGlobal
